
Microsoft Visual Studio Solution File, Format Version 12.00
# Visual Studio Version 16
VisualStudioVersion = 16.0.29418.71
MinimumVisualStudioVersion = 10.0.40219.1
Project("{FAE04EC0-301F-11D3-BF4B-00C04F79EFBC}") = "SantanderTest.API", "SantanderTest.API\SantanderTest.API.csproj", "{BF9D6C10-4D8C-4323-9A82-B86A953A8B6D}"
EndProject
Project("{FAE04EC0-301F-11D3-BF4B-00C04F79EFBC}") = "SantanderTest.Publisher", "SantanderTest.Publisher\SantanderTest.Publisher.csproj", "{B6DA0F8D-620F-41C5-BC03-98627D170BFB}"
EndProject
Global
	GlobalSection(SolutionConfigurationPlatforms) = preSolution
		Debug|Any CPU = Debug|Any CPU
		Release|Any CPU = Release|Any CPU
	EndGlobalSection
	GlobalSection(ProjectConfigurationPlatforms) = postSolution
		{BF9D6C10-4D8C-4323-9A82-B86A953A8B6D}.Debug|Any CPU.ActiveCfg = Debug|Any CPU
		{BF9D6C10-4D8C-4323-9A82-B86A953A8B6D}.Debug|Any CPU.Build.0 = Debug|Any CPU
		{BF9D6C10-4D8C-4323-9A82-B86A953A8B6D}.Release|Any CPU.ActiveCfg = Release|Any CPU
		{BF9D6C10-4D8C-4323-9A82-B86A953A8B6D}.Release|Any CPU.Build.0 = Release|Any CPU
		{B6DA0F8D-620F-41C5-BC03-98627D170BFB}.Debug|Any CPU.ActiveCfg = Debug|Any CPU
		{B6DA0F8D-620F-41C5-BC03-98627D170BFB}.Debug|Any CPU.Build.0 = Debug|Any CPU
		{B6DA0F8D-620F-41C5-BC03-98627D170BFB}.Release|Any CPU.ActiveCfg = Release|Any CPU
		{B6DA0F8D-620F-41C5-BC03-98627D170BFB}.Release|Any CPU.Build.0 = Release|Any CPU
	EndGlobalSection
	GlobalSection(SolutionProperties) = preSolution
		HideSolutionNode = FALSE
	EndGlobalSection
	GlobalSection(ExtensibilityGlobals) = postSolution
		SolutionGuid = {52CC2BAC-BF85-46A6-ACF1-BD132678F0B8}
	EndGlobalSection
EndGlobal
